
Microsoft Visual Studio Solution File, Format Version 11.00
# Visual Studio 2010
Project("{FAE04EC0-301F-11D3-BF4B-00C04F79EFBC}") = "Assembly-CSharp", "Assembly-CSharp.csproj", "{d2e14369-814b-262d-47da-dd389ca53d84}"
EndProject
Project("{FAE04EC0-301F-11D3-BF4B-00C04F79EFBC}") = "Assembly-CSharp-Editor", "Assembly-CSharp-Editor.csproj", "{9aba71bd-75cf-1a94-b2a3-8d3402d193ef}"
EndProject
Global
	GlobalSection(SolutionConfigurationPlatforms) = preSolution
		Debug|Any CPU = Debug|Any CPU
		Release|Any CPU = Release|Any CPU
	EndGlobalSection
	GlobalSection(ProjectConfigurationPlatforms) = postSolution
		{d2e14369-814b-262d-47da-dd389ca53d84}.Debug|Any CPU.ActiveCfg = Debug|Any CPU
		{d2e14369-814b-262d-47da-dd389ca53d84}.Debug|Any CPU.Build.0 = Debug|Any CPU
		{d2e14369-814b-262d-47da-dd389ca53d84}.Release|Any CPU.ActiveCfg = Release|Any CPU
		{d2e14369-814b-262d-47da-dd389ca53d84}.Release|Any CPU.Build.0 = Release|Any CPU
		{9aba71bd-75cf-1a94-b2a3-8d3402d193ef}.Debug|Any CPU.ActiveCfg = Debug|Any CPU
		{9aba71bd-75cf-1a94-b2a3-8d3402d193ef}.Debug|Any CPU.Build.0 = Debug|Any CPU
		{9aba71bd-75cf-1a94-b2a3-8d3402d193ef}.Release|Any CPU.ActiveCfg = Release|Any CPU
		{9aba71bd-75cf-1a94-b2a3-8d3402d193ef}.Release|Any CPU.Build.0 = Release|Any CPU
	EndGlobalSection
	GlobalSection(SolutionProperties) = preSolution
		HideSolutionNode = FALSE
	EndGlobalSection
EndGlobal
